
Microsoft Visual Studio Solution File, Format Version 12.00
# Visual Studio Version 17
VisualStudioVersion = 17.14.36301.6
MinimumVisualStudioVersion = 10.0.40219.1
Project("{FAE04EC0-301F-11D3-BF4B-00C04F79EFBC}") = "Flowers", "Flowers\Flowers.csproj", "{F657C82D-2B87-481C-BA7F-83E20FEF559D}"
EndProject
Project("{FAE04EC0-301F-11D3-BF4B-00C04F79EFBC}") = "User", "User\User.csproj", "{F8832160-6E8A-C1E0-17C8-08A5783EBD52}"
EndProject
Project("{FAE04EC0-301F-11D3-BF4B-00C04F79EFBC}") = "Order", "Order\Order.csproj", "{6BCC5D4C-DCFD-F350-0302-6CEEC93FCB6D}"
EndProject
Project("{FAE04EC0-301F-11D3-BF4B-00C04F79EFBC}") = "Billing", "Billing\Billing.csproj", "{529FBA39-3670-4B19-A126-ED9BAADC6FD8}"
EndProject
Project("{FAE04EC0-301F-11D3-BF4B-00C04F79EFBC}") = "Notification", "Notification\Notification.csproj", "{0AF548A1-B2D9-44CB-8551-69AA90430B08}"
EndProject
Project("{FAE04EC0-301F-11D3-BF4B-00C04F79EFBC}") = "Delivery", "Delivery\Delivery.csproj", "{2BB6632C-389D-40D7-851A-10C0C330C56D}"
EndProject
Project("{FAE04EC0-301F-11D3-BF4B-00C04F79EFBC}") = "Warehouse", "Warehouse\Warehouse.csproj", "{1B0D22BD-0214-48EC-A5FB-8999D44437DD}"
EndProject
Global
	GlobalSection(SolutionConfigurationPlatforms) = preSolution
		Debug|Any CPU = Debug|Any CPU
		Debug|x64 = Debug|x64
		Debug|x86 = Debug|x86
		Release|Any CPU = Release|Any CPU
		Release|x64 = Release|x64
		Release|x86 = Release|x86
	EndGlobalSection
	GlobalSection(ProjectConfigurationPlatforms) = postSolution
		{F657C82D-2B87-481C-BA7F-83E20FEF559D}.Debug|Any CPU.ActiveCfg = Debug|Any CPU
		{F657C82D-2B87-481C-BA7F-83E20FEF559D}.Debug|Any CPU.Build.0 = Debug|Any CPU
		{F657C82D-2B87-481C-BA7F-83E20FEF559D}.Debug|x64.ActiveCfg = Debug|Any CPU
		{F657C82D-2B87-481C-BA7F-83E20FEF559D}.Debug|x64.Build.0 = Debug|Any CPU
		{F657C82D-2B87-481C-BA7F-83E20FEF559D}.Debug|x86.ActiveCfg = Debug|Any CPU
		{F657C82D-2B87-481C-BA7F-83E20FEF559D}.Debug|x86.Build.0 = Debug|Any CPU
		{F657C82D-2B87-481C-BA7F-83E20FEF559D}.Release|Any CPU.ActiveCfg = Release|Any CPU
		{F657C82D-2B87-481C-BA7F-83E20FEF559D}.Release|Any CPU.Build.0 = Release|Any CPU
		{F657C82D-2B87-481C-BA7F-83E20FEF559D}.Release|x64.ActiveCfg = Release|Any CPU
		{F657C82D-2B87-481C-BA7F-83E20FEF559D}.Release|x64.Build.0 = Release|Any CPU
		{F657C82D-2B87-481C-BA7F-83E20FEF559D}.Release|x86.ActiveCfg = Release|Any CPU
		{F657C82D-2B87-481C-BA7F-83E20FEF559D}.Release|x86.Build.0 = Release|Any CPU
		{F8832160-6E8A-C1E0-17C8-08A5783EBD52}.Debug|Any CPU.ActiveCfg = Debug|Any CPU
		{F8832160-6E8A-C1E0-17C8-08A5783EBD52}.Debug|Any CPU.Build.0 = Debug|Any CPU
		{F8832160-6E8A-C1E0-17C8-08A5783EBD52}.Debug|x64.ActiveCfg = Debug|Any CPU
		{F8832160-6E8A-C1E0-17C8-08A5783EBD52}.Debug|x64.Build.0 = Debug|Any CPU
		{F8832160-6E8A-C1E0-17C8-08A5783EBD52}.Debug|x86.ActiveCfg = Debug|Any CPU
		{F8832160-6E8A-C1E0-17C8-08A5783EBD52}.Debug|x86.Build.0 = Debug|Any CPU
		{F8832160-6E8A-C1E0-17C8-08A5783EBD52}.Release|Any CPU.ActiveCfg = Release|Any CPU
		{F8832160-6E8A-C1E0-17C8-08A5783EBD52}.Release|Any CPU.Build.0 = Release|Any CPU
		{F8832160-6E8A-C1E0-17C8-08A5783EBD52}.Release|x64.ActiveCfg = Release|Any CPU
		{F8832160-6E8A-C1E0-17C8-08A5783EBD52}.Release|x64.Build.0 = Release|Any CPU
		{F8832160-6E8A-C1E0-17C8-08A5783EBD52}.Release|x86.ActiveCfg = Release|Any CPU
		{F8832160-6E8A-C1E0-17C8-08A5783EBD52}.Release|x86.Build.0 = Release|Any CPU
		{6BCC5D4C-DCFD-F350-0302-6CEEC93FCB6D}.Debug|Any CPU.ActiveCfg = Debug|Any CPU
		{6BCC5D4C-DCFD-F350-0302-6CEEC93FCB6D}.Debug|Any CPU.Build.0 = Debug|Any CPU
		{6BCC5D4C-DCFD-F350-0302-6CEEC93FCB6D}.Debug|x64.ActiveCfg = Debug|Any CPU
		{6BCC5D4C-DCFD-F350-0302-6CEEC93FCB6D}.Debug|x64.Build.0 = Debug|Any CPU
		{6BCC5D4C-DCFD-F350-0302-6CEEC93FCB6D}.Debug|x86.ActiveCfg = Debug|Any CPU
		{6BCC5D4C-DCFD-F350-0302-6CEEC93FCB6D}.Debug|x86.Build.0 = Debug|Any CPU
		{6BCC5D4C-DCFD-F350-0302-6CEEC93FCB6D}.Release|Any CPU.ActiveCfg = Release|Any CPU
		{6BCC5D4C-DCFD-F350-0302-6CEEC93FCB6D}.Release|Any CPU.Build.0 = Release|Any CPU
		{6BCC5D4C-DCFD-F350-0302-6CEEC93FCB6D}.Release|x64.ActiveCfg = Release|Any CPU
		{6BCC5D4C-DCFD-F350-0302-6CEEC93FCB6D}.Release|x64.Build.0 = Release|Any CPU
		{6BCC5D4C-DCFD-F350-0302-6CEEC93FCB6D}.Release|x86.ActiveCfg = Release|Any CPU
		{6BCC5D4C-DCFD-F350-0302-6CEEC93FCB6D}.Release|x86.Build.0 = Release|Any CPU
		{529FBA39-3670-4B19-A126-ED9BAADC6FD8}.Debug|Any CPU.ActiveCfg = Debug|Any CPU
		{529FBA39-3670-4B19-A126-ED9BAADC6FD8}.Debug|Any CPU.Build.0 = Debug|Any CPU
		{529FBA39-3670-4B19-A126-ED9BAADC6FD8}.Debug|x64.ActiveCfg = Debug|Any CPU
		{529FBA39-3670-4B19-A126-ED9BAADC6FD8}.Debug|x64.Build.0 = Debug|Any CPU
		{529FBA39-3670-4B19-A126-ED9BAADC6FD8}.Debug|x86.ActiveCfg = Debug|Any CPU
		{529FBA39-3670-4B19-A126-ED9BAADC6FD8}.Debug|x86.Build.0 = Debug|Any CPU
		{529FBA39-3670-4B19-A126-ED9BAADC6FD8}.Release|Any CPU.ActiveCfg = Release|Any CPU
		{529FBA39-3670-4B19-A126-ED9BAADC6FD8}.Release|Any CPU.Build.0 = Release|Any CPU
		{529FBA39-3670-4B19-A126-ED9BAADC6FD8}.Release|x64.ActiveCfg = Release|Any CPU
		{529FBA39-3670-4B19-A126-ED9BAADC6FD8}.Release|x64.Build.0 = Release|Any CPU
		{529FBA39-3670-4B19-A126-ED9BAADC6FD8}.Release|x86.ActiveCfg = Release|Any CPU
		{529FBA39-3670-4B19-A126-ED9BAADC6FD8}.Release|x86.Build.0 = Release|Any CPU
		{0AF548A1-B2D9-44CB-8551-69AA90430B08}.Debug|Any CPU.ActiveCfg = Debug|Any CPU
		{0AF548A1-B2D9-44CB-8551-69AA90430B08}.Debug|Any CPU.Build.0 = Debug|Any CPU
		{0AF548A1-B2D9-44CB-8551-69AA90430B08}.Debug|x64.ActiveCfg = Debug|Any CPU
		{0AF548A1-B2D9-44CB-8551-69AA90430B08}.Debug|x64.Build.0 = Debug|Any CPU
		{0AF548A1-B2D9-44CB-8551-69AA90430B08}.Debug|x86.ActiveCfg = Debug|Any CPU
		{0AF548A1-B2D9-44CB-8551-69AA90430B08}.Debug|x86.Build.0 = Debug|Any CPU
		{0AF548A1-B2D9-44CB-8551-69AA90430B08}.Release|Any CPU.ActiveCfg = Release|Any CPU
		{0AF548A1-B2D9-44CB-8551-69AA90430B08}.Release|Any CPU.Build.0 = Release|Any CPU
		{0AF548A1-B2D9-44CB-8551-69AA90430B08}.Release|x64.ActiveCfg = Release|Any CPU
		{0AF548A1-B2D9-44CB-8551-69AA90430B08}.Release|x64.Build.0 = Release|Any CPU
		{0AF548A1-B2D9-44CB-8551-69AA90430B08}.Release|x86.ActiveCfg = Release|Any CPU
		{0AF548A1-B2D9-44CB-8551-69AA90430B08}.Release|x86.Build.0 = Release|Any CPU
		{2BB6632C-389D-40D7-851A-10C0C330C56D}.Debug|Any CPU.ActiveCfg = Debug|Any CPU
		{2BB6632C-389D-40D7-851A-10C0C330C56D}.Debug|Any CPU.Build.0 = Debug|Any CPU
		{2BB6632C-389D-40D7-851A-10C0C330C56D}.Debug|x64.ActiveCfg = Debug|Any CPU
		{2BB6632C-389D-40D7-851A-10C0C330C56D}.Debug|x64.Build.0 = Debug|Any CPU
		{2BB6632C-389D-40D7-851A-10C0C330C56D}.Debug|x86.ActiveCfg = Debug|Any CPU
		{2BB6632C-389D-40D7-851A-10C0C330C56D}.Debug|x86.Build.0 = Debug|Any CPU
		{2BB6632C-389D-40D7-851A-10C0C330C56D}.Release|Any CPU.ActiveCfg = Release|Any CPU
		{2BB6632C-389D-40D7-851A-10C0C330C56D}.Release|Any CPU.Build.0 = Release|Any CPU
		{2BB6632C-389D-40D7-851A-10C0C330C56D}.Release|x64.ActiveCfg = Release|Any CPU
		{2BB6632C-389D-40D7-851A-10C0C330C56D}.Release|x64.Build.0 = Release|Any CPU
		{2BB6632C-389D-40D7-851A-10C0C330C56D}.Release|x86.ActiveCfg = Release|Any CPU
		{2BB6632C-389D-40D7-851A-10C0C330C56D}.Release|x86.Build.0 = Release|Any CPU
		{1B0D22BD-0214-48EC-A5FB-8999D44437DD}.Debug|Any CPU.ActiveCfg = Debug|Any CPU
		{1B0D22BD-0214-48EC-A5FB-8999D44437DD}.Debug|Any CPU.Build.0 = Debug|Any CPU
		{1B0D22BD-0214-48EC-A5FB-8999D44437DD}.Debug|x64.ActiveCfg = Debug|Any CPU
		{1B0D22BD-0214-48EC-A5FB-8999D44437DD}.Debug|x64.Build.0 = Debug|Any CPU
		{1B0D22BD-0214-48EC-A5FB-8999D44437DD}.Debug|x86.ActiveCfg = Debug|Any CPU
		{1B0D22BD-0214-48EC-A5FB-8999D44437DD}.Debug|x86.Build.0 = Debug|Any CPU
		{1B0D22BD-0214-48EC-A5FB-8999D44437DD}.Release|Any CPU.ActiveCfg = Release|Any CPU
		{1B0D22BD-0214-48EC-A5FB-8999D44437DD}.Release|Any CPU.Build.0 = Release|Any CPU
		{1B0D22BD-0214-48EC-A5FB-8999D44437DD}.Release|x64.ActiveCfg = Release|Any CPU
		{1B0D22BD-0214-48EC-A5FB-8999D44437DD}.Release|x64.Build.0 = Release|Any CPU
		{1B0D22BD-0214-48EC-A5FB-8999D44437DD}.Release|x86.ActiveCfg = Release|Any CPU
		{1B0D22BD-0214-48EC-A5FB-8999D44437DD}.Release|x86.Build.0 = Release|Any CPU
	EndGlobalSection
	GlobalSection(SolutionProperties) = preSolution
		HideSolutionNode = FALSE
	EndGlobalSection
	GlobalSection(ExtensibilityGlobals) = postSolution
		SolutionGuid = {43B11D25-4636-43B7-A5F8-913062C0D6CC}
	EndGlobalSection
EndGlobal
